
Microsoft Visual Studio Solution File, Format Version 12.00
Project("{FAE04EC0-301F-11D3-BF4B-00C04F79EFBC}") = "Client", "Client\Client.csproj", "{12B5677D-60C4-49FF-BF62-58A30D10B01C}"
EndProject
Project("{FAE04EC0-301F-11D3-BF4B-00C04F79EFBC}") = "Client.Tests", "Client.Tests\Client.Tests.csproj", "{B4EA4EA7-CCDF-42C1-B1C0-30B53F110D6E}"
EndProject
Global
	GlobalSection(SolutionConfigurationPlatforms) = preSolution
		Debug|Any CPU = Debug|Any CPU
		Release|Any CPU = Release|Any CPU
	EndGlobalSection
	GlobalSection(ProjectConfigurationPlatforms) = postSolution
		{12B5677D-60C4-49FF-BF62-58A30D10B01C}.Debug|Any CPU.ActiveCfg = Debug|Any CPU
		{12B5677D-60C4-49FF-BF62-58A30D10B01C}.Debug|Any CPU.Build.0 = Debug|Any CPU
		{12B5677D-60C4-49FF-BF62-58A30D10B01C}.Release|Any CPU.ActiveCfg = Release|Any CPU
		{12B5677D-60C4-49FF-BF62-58A30D10B01C}.Release|Any CPU.Build.0 = Release|Any CPU
		{B4EA4EA7-CCDF-42C1-B1C0-30B53F110D6E}.Debug|Any CPU.ActiveCfg = Debug|Any CPU
		{B4EA4EA7-CCDF-42C1-B1C0-30B53F110D6E}.Debug|Any CPU.Build.0 = Debug|Any CPU
		{B4EA4EA7-CCDF-42C1-B1C0-30B53F110D6E}.Release|Any CPU.ActiveCfg = Release|Any CPU
		{B4EA4EA7-CCDF-42C1-B1C0-30B53F110D6E}.Release|Any CPU.Build.0 = Release|Any CPU
	EndGlobalSection
EndGlobal
